<Solution>
  <Configurations>
    <Platform Name="x64" />
    <Platform Name="x86" />
  </Configurations>
  <Folder Name="/additionalFiles/">
    <File Path="config.json" />
  </Folder>
  <Project Path="dSeq/dSeq.vcxproj" Id="8c515ad5-18a6-4808-896b-854311f7cadd">
    <BuildDependency Project="sp_alternative_cpp/sp_alternative_cpp.vcxproj" />
  </Project>
  <Project Path="features_for_msas/features_for_msas.vcxproj" Id="f7a8a467-854c-4900-8420-ab407823fb94" />
  <Project Path="sp_alternative_cpp/sp_alternative_cpp.vcxproj" Id="07d5d8fb-2036-41df-994e-b6b032ccd1ac" />
  <Project Path="UnitTest1/UnitTest1.vcxproj" />
</Solution>
