<?xml version="1.0" encoding="utf-8"?>
<Project ToolsVersion="4.0" xmlns="http://schemas.microsoft.com/developer/msbuild/2003">
  <ItemGroup>
    <Filter Include="Source Files">
      <UniqueIdentifier>{4FC737F1-C7A5-4376-A066-2A32D752A2FF}</UniqueIdentifier>
      <Extensions>cpp;c;cc;cxx;c++;cppm;ixx;def;odl;idl;hpj;bat;asm;asmx</Extensions>
    </Filter>
    <Filter Include="Header Files">
      <UniqueIdentifier>{93995380-89BD-4b04-88EB-625FBE52EBFB}</UniqueIdentifier>
      <Extensions>h;hh;hpp;hxx;h++;hm;inl;inc;ipp;xsd</Extensions>
    </Filter>
    <Filter Include="Resource Files">
      <UniqueIdentifier>{67DA6AB6-F800-4c08-8B7A-83BB121AAD01}</UniqueIdentifier>
      <Extensions>rc;ico;cur;bmp;dlg;rc2;rct;bin;rgs;gif;jpg;jpeg;jpe;resx;tiff;tif;png;wav;mfcribbon-ms</Extensions>
    </Filter>
  </ItemGroup>
  <ItemGroup>
    <ClCompile Include="sp_alternative_cpp.cpp">
      <Filter>Source Files</Filter>
    </ClCompile>
    <ClCompile Include="src\dist_labels_stats.cpp">
      <Filter>Source Files</Filter>
    </ClCompile>
    <ClCompile Include="src\distance_calc.cpp">
      <Filter>Source Files</Filter>
    </ClCompile>
    <ClCompile Include="src\entropy_stats.cpp">
      <Filter>Source Files</Filter>
    </ClCompile>
    <ClCompile Include="src\gaps_stats.cpp">
      <Filter>Source Files</Filter>
    </ClCompile>
    <ClCompile Include="src\global_alignment.cpp">
      <Filter>Source Files</Filter>
    </ClCompile>
    <ClCompile Include="src\kmer_stats.cpp">
      <Filter>Source Files</Filter>
    </ClCompile>
    <ClCompile Include="src\msa.cpp">
      <Filter>Source Files</Filter>
    </ClCompile>
    <ClCompile Include="src\msa_align_by_pattern.cpp">
      <Filter>Source Files</Filter>
    </ClCompile>
    <ClCompile Include="src\multi_msa_service.cpp">
      <Filter>Source Files</Filter>
    </ClCompile>
    <ClCompile Include="src\neighbor_joining.cpp">
      <Filter>Source Files</Filter>
    </ClCompile>
    <ClCompile Include="src\node.cpp">
      <Filter>Source Files</Filter>
    </ClCompile>
    <ClCompile Include="src\rooted_tree.cpp">
      <Filter>Source Files</Filter>
    </ClCompile>
    <ClCompile Include="src\sop_stats.cpp">
      <Filter>Source Files</Filter>
    </ClCompile>
    <ClCompile Include="src\sp_score.cpp">
      <Filter>Source Files</Filter>
    </ClCompile>
    <ClCompile Include="src\tree_stats.cpp">
      <Filter>Source Files</Filter>
    </ClCompile>
    <ClCompile Include="src\unrooted_tree.cpp">
      <Filter>Source Files</Filter>
    </ClCompile>
    <ClCompile Include="src\utils.cpp">
      <Filter>Source Files</Filter>
    </ClCompile>
    <ClCompile Include="src\w_sop_stats.cpp">
      <Filter>Source Files</Filter>
    </ClCompile>
    <ClCompile Include="src\enums.cpp">
      <Filter>Source Files</Filter>
    </ClCompile>
  </ItemGroup>
  <ItemGroup>
    <ClInclude Include="include\config.h">
      <Filter>Header Files</Filter>
    </ClInclude>
    <ClInclude Include="include\dist_labels_stats.h">
      <Filter>Header Files</Filter>
    </ClInclude>
    <ClInclude Include="include\distance_calc.h">
      <Filter>Header Files</Filter>
    </ClInclude>
    <ClInclude Include="include\entropy_stats.h">
      <Filter>Header Files</Filter>
    </ClInclude>
    <ClInclude Include="include\enums.h">
      <Filter>Header Files</Filter>
    </ClInclude>
    <ClInclude Include="include\evo_model.h">
      <Filter>Header Files</Filter>
    </ClInclude>
    <ClInclude Include="include\gap_interval.h">
      <Filter>Header Files</Filter>
    </ClInclude>
    <ClInclude Include="include\gaps_stats.h">
      <Filter>Header Files</Filter>
    </ClInclude>
    <ClInclude Include="include\global_alignment.h">
      <Filter>Header Files</Filter>
    </ClInclude>
    <ClInclude Include="include\kmer_stats.h">
      <Filter>Header Files</Filter>
    </ClInclude>
    <ClInclude Include="include\msa.h">
      <Filter>Header Files</Filter>
    </ClInclude>
    <ClInclude Include="include\msa_align_by_pattern.h">
      <Filter>Header Files</Filter>
    </ClInclude>
    <ClInclude Include="include\msa_basic_stats.h">
      <Filter>Header Files</Filter>
    </ClInclude>
    <ClInclude Include="include\msa_stats.h">
      <Filter>Header Files</Filter>
    </ClInclude>
    <ClInclude Include="include\neighbor_joining.h">
      <Filter>Header Files</Filter>
    </ClInclude>
    <ClInclude Include="include\node.h">
      <Filter>Header Files</Filter>
    </ClInclude>
    <ClInclude Include="include\rooted_tree.h">
      <Filter>Header Files</Filter>
    </ClInclude>
    <ClInclude Include="include\sop_stats.h">
      <Filter>Header Files</Filter>
    </ClInclude>
    <ClInclude Include="include\sp_score.h">
      <Filter>Header Files</Filter>
    </ClInclude>
    <ClInclude Include="include\tree_stats.h">
      <Filter>Header Files</Filter>
    </ClInclude>
    <ClInclude Include="include\unrooted_tree.h">
      <Filter>Header Files</Filter>
    </ClInclude>
    <ClInclude Include="include\utils.h">
      <Filter>Header Files</Filter>
    </ClInclude>
    <ClInclude Include="include\w_sop_stats.h">
      <Filter>Header Files</Filter>
    </ClInclude>
    <ClInclude Include="include\multi_msa_service.h">
      <Filter>Header Files</Filter>
    </ClInclude>
    <ClInclude Include="include\subs_matrix_counter.h">
      <Filter>Header Files</Filter>
    </ClInclude>
  </ItemGroup>
</Project>